
Microsoft Visual Studio Solution File, Format Version 12.00
# Visual Studio Version 17
VisualStudioVersion = 17.8.34330.188
MinimumVisualStudioVersion = 10.0.40219.1
Project("{FAE04EC0-301F-11D3-BF4B-00C04F79EFBC}") = "IntegraBrasilApi", "IntegraBrasilApi.csproj", "{D15E70A9-38E8-4E53-B068-1EAAB0BE7FBB}"
EndProject
Global
	GlobalSection(SolutionConfigurationPlatforms) = preSolution
		Debug|Any CPU = Debug|Any CPU
		Release|Any CPU = Release|Any CPU
	EndGlobalSection
	GlobalSection(ProjectConfigurationPlatforms) = postSolution
		{D15E70A9-38E8-4E53-B068-1EAAB0BE7FBB}.Debug|Any CPU.ActiveCfg = Debug|Any CPU
		{D15E70A9-38E8-4E53-B068-1EAAB0BE7FBB}.Debug|Any CPU.Build.0 = Debug|Any CPU
		{D15E70A9-38E8-4E53-B068-1EAAB0BE7FBB}.Release|Any CPU.ActiveCfg = Release|Any CPU
		{D15E70A9-38E8-4E53-B068-1EAAB0BE7FBB}.Release|Any CPU.Build.0 = Release|Any CPU
	EndGlobalSection
	GlobalSection(SolutionProperties) = preSolution
		HideSolutionNode = FALSE
	EndGlobalSection
	GlobalSection(ExtensibilityGlobals) = postSolution
		SolutionGuid = {8F2144BB-0321-4E51-B738-EAD385D6669C}
	EndGlobalSection
EndGlobal
